PODS:
  - Bolts/Tasks (1.5.0)
  - Parse (1.11.0):
    - Bolts/Tasks (~> 1.5)
  - PureLayout (3.0.1)

DEPENDENCIES:
  - Parse
  - PureLayout

SPEC CHECKSUMS:
  Bolts: 722ab9a4f8b50fc4ed1b9998a5a7a2b3f16d80b4
  Parse: 886af46a0a677402f6374bb97ac212e795f70afe
  PureLayout: f35f5384c9c4e4479df041dbe33ad7577b71ddfb

COCOAPODS: 0.39.0
